
Microsoft Visual Studio Solution File, Format Version 12.00
# Visual Studio 14
VisualStudioVersion = 14.0.25123.0
MinimumVisualStudioVersion = 10.0.40219.1
Project("{2D87D75E-8113-44DF-988F-E672A715DB95}") = "Sitecore.Support.139541", "Sitecore.Support.139541\Sitecore.Support.139541.csproj", "{24A590DE-D2C2-4059-9F98-BB9DDA0B71D0}"
EndProject
Global
	GlobalSection(SolutionConfigurationPlatforms) = preSolution
		Debug|Any CPU = Debug|Any CPU
		Release|Any CPU = Release|Any CPU
	EndGlobalSection
	GlobalSection(ProjectConfigurationPlatforms) = postSolution
		{24A590DE-D2C2-4059-9F98-BB9DDA0B71D0}.Debug|Any CPU.ActiveCfg = Debug|Any CPU
		{24A590DE-D2C2-4059-9F98-BB9DDA0B71D0}.Debug|Any CPU.Build.0 = Debug|Any CPU
		{24A590DE-D2C2-4059-9F98-BB9DDA0B71D0}.Release|Any CPU.ActiveCfg = Release|Any CPU
		{24A590DE-D2C2-4059-9F98-BB9DDA0B71D0}.Release|Any CPU.Build.0 = Release|Any CPU
	EndGlobalSection
	GlobalSection(SolutionProperties) = preSolution
		HideSolutionNode = FALSE
	EndGlobalSection
EndGlobal
